
Microsoft Visual Studio Solution File, Format Version 12.00
# Visual Studio Version 17
VisualStudioVersion = 17.0.31903.59
MinimumVisualStudioVersion = 10.0.40219.1
Project("{2150E333-8FDC-42A3-9474-1A3956D46DE8}") = "Core", "Core", "{CD900A91-C402-4CEA-8F93-3012947FD1F1}"
EndProject
Project("{FAE04EC0-301F-11D3-BF4B-00C04F79EFBC}") = "ODour.Domain", "Core\ODour.Domain\ODour.Domain.csproj", "{B5A2BDE9-228F-423B-97D3-73397B057D59}"
EndProject
Project("{FAE04EC0-301F-11D3-BF4B-00C04F79EFBC}") = "ODour.Application", "Core\ODour.Application\ODour.Application.csproj", "{51BA925F-4618-4854-8F1B-3651A52292CD}"
EndProject
Project("{2150E333-8FDC-42A3-9474-1A3956D46DE8}") = "External", "External", "{19AD072B-7798-4CB0-8026-1D0DD0D8D605}"
EndProject
Project("{2150E333-8FDC-42A3-9474-1A3956D46DE8}") = "Common", "Common", "{B19996CC-0792-4061-B14D-D90351478E52}"
EndProject
Project("{FAE04EC0-301F-11D3-BF4B-00C04F79EFBC}") = "ODour.Configuration", "External\Common\ODour.Configuration\ODour.Configuration.csproj", "{8A6ACF1C-4F6B-420C-BA5F-A2520E248A8F}"
EndProject
Project("{2150E333-8FDC-42A3-9474-1A3956D46DE8}") = "Presentation", "Presentation", "{D53231E1-C488-420C-9F71-DA1D2DE7ECEA}"
EndProject
Project("{FAE04EC0-301F-11D3-BF4B-00C04F79EFBC}") = "ODour.FastEndpointApi", "External\Presentation\ODour.FastEndpointApi\ODour.FastEndpointApi.csproj", "{D5BF3650-802F-479D-8759-E007E1B883D5}"
EndProject
Project("{2150E333-8FDC-42A3-9474-1A3956D46DE8}") = "Infrastructure", "Infrastructure", "{BC9B4FC9-D6BD-495B-97E0-34DA85072DB9}"
EndProject
Project("{2150E333-8FDC-42A3-9474-1A3956D46DE8}") = "Persistence", "Persistence", "{29A98036-382F-4A89-A0C2-47358DFE2F42}"
EndProject
Project("{2150E333-8FDC-42A3-9474-1A3956D46DE8}") = "Relational", "Relational", "{DED78879-5EE6-46B0-84F9-7F00923291FE}"
EndProject
Project("{FAE04EC0-301F-11D3-BF4B-00C04F79EFBC}") = "ODour.PostgresRelationalDb", "External\Infrastructure\Persistence\Relational\ODour.PostgresRelationalDb\ODour.PostgresRelationalDb.csproj", "{F7E1DD9B-DA3E-4A53-8A66-21D0470180E9}"
EndProject
Project("{2150E333-8FDC-42A3-9474-1A3956D46DE8}") = "Cache", "Cache", "{B149119C-4DA6-4892-9225-641F95FFC356}"
EndProject
Project("{FAE04EC0-301F-11D3-BF4B-00C04F79EFBC}") = "ODour.RedisCacheDb", "External\Infrastructure\Persistence\Cache\ODour.RedisCacheDb\ODour.RedisCacheDb.csproj", "{2DCBD70F-26B8-4B52-BD3D-71808EF168CA}"
EndProject
Global
	GlobalSection(SolutionConfigurationPlatforms) = preSolution
		Debug|Any CPU = Debug|Any CPU
		Release|Any CPU = Release|Any CPU
	EndGlobalSection
	GlobalSection(SolutionProperties) = preSolution
		HideSolutionNode = FALSE
	EndGlobalSection
	GlobalSection(ProjectConfigurationPlatforms) = postSolution
		{B5A2BDE9-228F-423B-97D3-73397B057D59}.Debug|Any CPU.ActiveCfg = Debug|Any CPU
		{B5A2BDE9-228F-423B-97D3-73397B057D59}.Debug|Any CPU.Build.0 = Debug|Any CPU
		{B5A2BDE9-228F-423B-97D3-73397B057D59}.Release|Any CPU.ActiveCfg = Release|Any CPU
		{B5A2BDE9-228F-423B-97D3-73397B057D59}.Release|Any CPU.Build.0 = Release|Any CPU
		{51BA925F-4618-4854-8F1B-3651A52292CD}.Debug|Any CPU.ActiveCfg = Debug|Any CPU
		{51BA925F-4618-4854-8F1B-3651A52292CD}.Debug|Any CPU.Build.0 = Debug|Any CPU
		{51BA925F-4618-4854-8F1B-3651A52292CD}.Release|Any CPU.ActiveCfg = Release|Any CPU
		{51BA925F-4618-4854-8F1B-3651A52292CD}.Release|Any CPU.Build.0 = Release|Any CPU
		{8A6ACF1C-4F6B-420C-BA5F-A2520E248A8F}.Debug|Any CPU.ActiveCfg = Debug|Any CPU
		{8A6ACF1C-4F6B-420C-BA5F-A2520E248A8F}.Debug|Any CPU.Build.0 = Debug|Any CPU
		{8A6ACF1C-4F6B-420C-BA5F-A2520E248A8F}.Release|Any CPU.ActiveCfg = Release|Any CPU
		{8A6ACF1C-4F6B-420C-BA5F-A2520E248A8F}.Release|Any CPU.Build.0 = Release|Any CPU
		{D5BF3650-802F-479D-8759-E007E1B883D5}.Debug|Any CPU.ActiveCfg = Debug|Any CPU
		{D5BF3650-802F-479D-8759-E007E1B883D5}.Debug|Any CPU.Build.0 = Debug|Any CPU
		{D5BF3650-802F-479D-8759-E007E1B883D5}.Release|Any CPU.ActiveCfg = Release|Any CPU
		{D5BF3650-802F-479D-8759-E007E1B883D5}.Release|Any CPU.Build.0 = Release|Any CPU
		{F7E1DD9B-DA3E-4A53-8A66-21D0470180E9}.Debug|Any CPU.ActiveCfg = Debug|Any CPU
		{F7E1DD9B-DA3E-4A53-8A66-21D0470180E9}.Debug|Any CPU.Build.0 = Debug|Any CPU
		{F7E1DD9B-DA3E-4A53-8A66-21D0470180E9}.Release|Any CPU.ActiveCfg = Release|Any CPU
		{F7E1DD9B-DA3E-4A53-8A66-21D0470180E9}.Release|Any CPU.Build.0 = Release|Any CPU
		{2DCBD70F-26B8-4B52-BD3D-71808EF168CA}.Debug|Any CPU.ActiveCfg = Debug|Any CPU
		{2DCBD70F-26B8-4B52-BD3D-71808EF168CA}.Debug|Any CPU.Build.0 = Debug|Any CPU
		{2DCBD70F-26B8-4B52-BD3D-71808EF168CA}.Release|Any CPU.ActiveCfg = Release|Any CPU
		{2DCBD70F-26B8-4B52-BD3D-71808EF168CA}.Release|Any CPU.Build.0 = Release|Any CPU
	EndGlobalSection
	GlobalSection(NestedProjects) = preSolution
		{B5A2BDE9-228F-423B-97D3-73397B057D59} = {CD900A91-C402-4CEA-8F93-3012947FD1F1}
		{51BA925F-4618-4854-8F1B-3651A52292CD} = {CD900A91-C402-4CEA-8F93-3012947FD1F1}
		{B19996CC-0792-4061-B14D-D90351478E52} = {19AD072B-7798-4CB0-8026-1D0DD0D8D605}
		{8A6ACF1C-4F6B-420C-BA5F-A2520E248A8F} = {B19996CC-0792-4061-B14D-D90351478E52}
		{D53231E1-C488-420C-9F71-DA1D2DE7ECEA} = {19AD072B-7798-4CB0-8026-1D0DD0D8D605}
		{D5BF3650-802F-479D-8759-E007E1B883D5} = {D53231E1-C488-420C-9F71-DA1D2DE7ECEA}
		{BC9B4FC9-D6BD-495B-97E0-34DA85072DB9} = {19AD072B-7798-4CB0-8026-1D0DD0D8D605}
		{29A98036-382F-4A89-A0C2-47358DFE2F42} = {BC9B4FC9-D6BD-495B-97E0-34DA85072DB9}
		{DED78879-5EE6-46B0-84F9-7F00923291FE} = {29A98036-382F-4A89-A0C2-47358DFE2F42}
		{F7E1DD9B-DA3E-4A53-8A66-21D0470180E9} = {DED78879-5EE6-46B0-84F9-7F00923291FE}
		{B149119C-4DA6-4892-9225-641F95FFC356} = {29A98036-382F-4A89-A0C2-47358DFE2F42}
		{2DCBD70F-26B8-4B52-BD3D-71808EF168CA} = {B149119C-4DA6-4892-9225-641F95FFC356}
	EndGlobalSection
EndGlobal
